// !$*UTF8*$!
{
	archiveVersion = 1;
	classes = {
	};
	objectVersion = 50;
	objects = {

/* Begin PBXBuildFile section */
		0AAC76CE20B0B5CB00758231 /* AppDelegate.swift in Sources */ = {isa = PBXBuildFile; fileRef = 0AAC76CD20B0B5CB00758231 /* AppDelegate.swift */; };
		0AAC76D020B0B5CB00758231 /* ViewController.swift in Sources */ = {isa = PBXBuildFile; fileRef = 0AAC76CF20B0B5CB00758231 /* ViewController.swift */; };
		0AAC76D320B0B5CB00758231 /* Main.storyboard in Resources */ = {isa = PBXBuildFile; fileRef = 0AAC76D120B0B5CB00758231 /* Main.storyboard */; };
		0AAC76D520B0B5CD00758231 /* Assets.xcassets in Resources */ = {isa = PBXBuildFile; fileRef = 0AAC76D420B0B5CD00758231 /* Assets.xcassets */; };
		0AAC76D820B0B5CD00758231 /* LaunchScreen.storyboard in Resources */ = {isa = PBXBuildFile; fileRef = 0AAC76D620B0B5CD00758231 /* LaunchScreen.storyboard */; };
		0AAC76E320B0D86A00758231 /* ExampleTableViewController.swift in Sources */ = {isa = PBXBuildFile; fileRef = 0AAC76E220B0D86A00758231 /* ExampleTableViewController.swift */; };
/* End PBXBuildFile section */

/* Begin PBXFileReference section */
		0AAC76CA20B0B5CB00758231 /* TableViewLab_2.app */ = {isa = PBXFileReference; explicitFileType = wrapper.application; includeInIndex = 0; path = TableViewLab_2.app; sourceTree = BUILT_PRODUCTS_DIR; };
		0AAC76CD20B0B5CB00758231 /* AppDelegate.swift */ = {isa = PBXFileReference; lastKnownFileType = sourcecode.swift; path = AppDelegate.swift; sourceTree = "<group>"; };
		0AAC76CF20B0B5CB00758231 /* ViewController.swift */ = {isa = PBXFileReference; lastKnownFileType = sourcecode.swift; path = ViewController.swift; sourceTree = "<group>"; };
		0AAC76D220B0B5CB00758231 /* Base */ = {isa = PBXFileReference; lastKnownFileType = file.storyboard; name = Base; path = Base.lproj/Main.storyboard; sourceTree = "<group>"; };
		0AAC76D420B0B5CD00758231 /* Assets.xcassets */ = {isa = PBXFileReference; lastKnownFileType = folder.assetcatalog; path = Assets.xcassets; sourceTree = "<group>"; };
		0AAC76D720B0B5CD00758231 /* Base */ = {isa = PBXFileReference; lastKnownFileType = file.storyboard; name = Base; path = Base.lproj/LaunchScreen.storyboard; sourceTree = "<group>"; };
		0AAC76D920B0B5CD00758231 /* Info.plist */ = {isa = PBXFileReference; lastKnownFileType = text.plist.xml; path = Info.plist; sourceTree = "<group>"; };
		0AAC76E220B0D86A00758231 /* ExampleTableViewController.swift */ = {isa = PBXFileReference; lastKnownFileType = sourcecode.swift; path = ExampleTableViewController.swift; sourceTree = "<group>"; };
/* End PBXFileReference section */

/* Begin PBXFrameworksBuildPhase section */
		0AAC76C720B0B5CB00758231 /* Frameworks */ = {
			isa = PBXFrameworksBuildPhase;
			buildActionMask = 2147483647;
			files = (
			);
			runOnlyForDeploymentPostprocessing = 0;
		};
/* End PBXFrameworksBuildPhase section */

/* Begin PBXGroup section */
		0AAC76C120B0B5CB00758231 = {
			isa = PBXGroup;
			children = (
				0AAC76CC20B0B5CB00758231 /* TableViewLab_2 */,
				0AAC76CB20B0B5CB00758231 /* Products */,
			);
			sourceTree = "<group>";
		};
		0AAC76CB20B0B5CB00758231 /* Products */ = {
			isa = PBXGroup;
			children = (
				0AAC76CA20B0B5CB00758231 /* TableViewLab_2.app */,
			);
			name = Products;
			sourceTree = "<group>";
		};
		0AAC76CC20B0B5CB00758231 /* TableViewLab_2 */ = {
			isa = PBXGroup;
			children = (
				0AAC76E120B0C19200758231 /* Controllers */,
				0AAC76E020B0C18800758231 /* Model */,
				0AAC76DF20B0C16D00758231 /* Views */,
				0AAC76D420B0B5CD00758231 /* Assets.xcassets */,
				0AAC76D920B0B5CD00758231 /* Info.plist */,
			);
			path = TableViewLab_2;
			sourceTree = "<group>";
		};
		0AAC76DF20B0C16D00758231 /* Views */ = {
			isa = PBXGroup;
			children = (
				0AAC76D120B0B5CB00758231 /* Main.storyboard */,
				0AAC76D620B0B5CD00758231 /* LaunchScreen.storyboard */,
			);
			path = Views;
			sourceTree = "<group>";
		};
		0AAC76E020B0C18800758231 /* Model */ = {
			isa = PBXGroup;
			children = (
			);
			path = Model;
			sourceTree = "<group>";
		};
		0AAC76E120B0C19200758231 /* Controllers */ = {
			isa = PBXGroup;
			children = (
				0AAC76CD20B0B5CB00758231 /* AppDelegate.swift */,
				0AAC76CF20B0B5CB00758231 /* ViewController.swift */,
				0AAC76E220B0D86A00758231 /* ExampleTableViewController.swift */,
			);
			path = Controllers;
			sourceTree = "<group>";
		};
/* End PBXGroup section */

/* Begin PBXNativeTarget section */
		0AAC76C920B0B5CB00758231 /* TableViewLab_2 */ = {
			isa = PBXNativeTarget;
			buildConfigurationList = 0AAC76DC20B0B5CD00758231 /* Build configuration list for PBXNativeTarget "TableViewLab_2" */;
			buildPhases = (
				0AAC76C620B0B5CB00758231 /* Sources */,
				0AAC76C720B0B5CB00758231 /* Frameworks */,
				0AAC76C820B0B5CB00758231 /* Resources */,
			);
			buildRules = (
			);
			dependencies = (
			);
			name = TableViewLab_2;
			productName = TableViewLab_2;
			productReference = 0AAC76CA20B0B5CB00758231 /* TableViewLab_2.app */;
			productType = "com.apple.product-type.application";
		};
/* End PBXNativeTarget section */

/* Begin PBXProject section */
		0AAC76C220B0B5CB00758231 /* Project object */ = {
			isa = PBXProject;
			attributes = {
				LastSwiftUpdateCheck = 0930;
				LastUpgradeCheck = 0930;
				ORGANIZATIONNAME = "Technical PC";
				TargetAttributes = {
					0AAC76C920B0B5CB00758231 = {
						CreatedOnToolsVersion = 9.3;
					};
				};
			};
			buildConfigurationList = 0AAC76C520B0B5CB00758231 /* Build configuration list for PBXProject "TableViewLab_2" */;
			compatibilityVersion = "Xcode 9.3";
			developmentRegion = en;
			hasScannedForEncodings = 0;
			knownRegions = (
				en,
				Base,
			);
			mainGroup = 0AAC76C120B0B5CB00758231;
			productRefGroup = 0AAC76CB20B0B5CB00758231 /* Products */;
			projectDirPath = "";
			projectRoot = "";
			targets = (
				0AAC76C920B0B5CB00758231 /* TableViewLab_2 */,
			);
		};
/* End PBXProject section */

/* Begin PBXResourcesBuildPhase section */
		0AAC76C820B0B5CB00758231 /* Resources */ = {
			isa = PBXResourcesBuildPhase;
			buildActionMask = 2147483647;
			files = (
				0AAC76D820B0B5CD00758231 /* LaunchScreen.storyboard in Resources */,
				0AAC76D520B0B5CD00758231 /* Assets.xcassets in Resources */,
				0AAC76D320B0B5CB00758231 /* Main.storyboard in Resources */,
			);
			runOnlyForDeploymentPostprocessing = 0;
		};
/* End PBXResourcesBuildPhase section */

/* Begin PBXSourcesBuildPhase section */
		0AAC76C620B0B5CB00758231 /* Sources */ = {
			isa = PBXSourcesBuildPhase;
			buildActionMask = 2147483647;
			files = (
				0AAC76E320B0D86A00758231 /* ExampleTableViewController.swift in Sources */,
				0AAC76D020B0B5CB00758231 /* ViewController.swift in Sources */,
				0AAC76CE20B0B5CB00758231 /* AppDelegate.swift in Sources */,
			);
			runOnlyForDeploymentPostprocessing = 0;
		};
/* End PBXSourcesBuildPhase section */

/* Begin PBXVariantGroup section */
		0AAC76D120B0B5CB00758231 /* Main.storyboard */ = {
			isa = PBXVariantGroup;
			children = (
				0AAC76D220B0B5CB00758231 /* Base */,
			);
			name = Main.storyboard;
			sourceTree = "<group>";
		};
		0AAC76D620B0B5CD00758231 /* LaunchScreen.storyboard */ = {
			isa = PBXVariantGroup;
			children = (
				0AAC76D720B0B5CD00758231 /* Base */,
			);
			name = LaunchScreen.storyboard;
			sourceTree = "<group>";
		};
/* End PBXVariantGroup section */

/* Begin XCBuildConfiguration section */
		0AAC76DA20B0B5CD00758231 /* Debug */ = {
			isa = XCBuildConfiguration;
			buildSettings = {
				ALWAYS_SEARCH_USER_PATHS = NO;
				CLANG_ANALYZER_NONNULL = YES;
				CLANG_ANALYZER_NUMBER_OBJECT_CONVERSION = YES_AGGRESSIVE;
				CLANG_CXX_LANGUAGE_STANDARD = "gnu++14";
				CLANG_CXX_LIBRARY = "libc++";
				CLANG_ENABLE_MODULES = YES;
				CLANG_ENABLE_OBJC_ARC = YES;
				CLANG_ENABLE_OBJC_WEAK = YES;
				CLANG_WARN_BLOCK_CAPTURE_AUTORELEASING = YES;
				CLANG_WARN_BOOL_CONVERSION = YES;
				CLANG_WARN_COMMA = YES;
				CLANG_WARN_CONSTANT_CONVERSION = YES;
				CLANG_WARN_DEPRECATED_OBJC_IMPLEMENTATIONS = YES;
				CLANG_WARN_DIRECT_OBJC_ISA_USAGE = YES_ERROR;
				CLANG_WARN_DOCUMENTATION_COMMENTS = YES;
				CLANG_WARN_EMPTY_BODY = YES;
				CLANG_WARN_ENUM_CONVERSION = YES;
				CLANG_WARN_INFINITE_RECURSION = YES;
				CLANG_WARN_INT_CONVERSION = YES;
				CLANG_WARN_NON_LITERAL_NULL_CONVERSION = YES;
				CLANG_WARN_OBJC_IMPLICIT_RETAIN_SELF = YES;
				CLANG_WARN_OBJC_LITERAL_CONVERSION = YES;
				CLANG_WARN_OBJC_ROOT_CLASS = YES_ERROR;
				CLANG_WARN_RANGE_LOOP_ANALYSIS = YES;
				CLANG_WARN_STRICT_PROTOTYPES = YES;
				CLANG_WARN_SUSPICIOUS_MOVE = YES;
				CLANG_WARN_UNGUARDED_AVAILABILITY = YES_AGGRESSIVE;
				CLANG_WARN_UNREACHABLE_CODE = YES;
				CLANG_WARN__DUPLICATE_METHOD_MATCH = YES;
				CODE_SIGN_IDENTITY = "iPhone Developer";
				COPY_PHASE_STRIP = NO;
				DEBUG_INFORMATION_FORMAT = dwarf;
				ENABLE_STRICT_OBJC_MSGSEND = YES;
				ENABLE_TESTABILITY = YES;
				GCC_C_LANGUAGE_STANDARD = gnu11;
				GCC_DYNAMIC_NO_PIC = NO;
				GCC_NO_COMMON_BLOCKS = YES;
				GCC_OPTIMIZATION_LEVEL = 0;
				GCC_PREPROCESSOR_DEFINITIONS = (
					"DEBUG=1",
					"$(inherited)",
				);
				GCC_WARN_64_TO_32_BIT_CONVERSION = YES;
				GCC_WARN_ABOUT_RETURN_TYPE = YES_ERROR;
				GCC_WARN_UNDECLARED_SELECTOR = YES;
				GCC_WARN_UNINITIALIZED_AUTOS = YES_AGGRESSIVE;
				GCC_WARN_UNUSED_FUNCTION = YES;
				GCC_WARN_UNUSED_VARIABLE = YES;
				IPHONEOS_DEPLOYMENT_TARGET = 11.3;
				MTL_ENABLE_DEBUG_INFO = YES;
				ONLY_ACTIVE_ARCH = YES;
				SDKROOT = iphoneos;
				SWIFT_ACTIVE_COMPILATION_CONDITIONS = DEBUG;
				SWIFT_OPTIMIZATION_LEVEL = "-Onone";
			};
			name = Debug;
		};
		0AAC76DB20B0B5CD00758231 /* Release */ = {
			isa = XCBuildConfiguration;
			buildSettings = {
				ALWAYS_SEARCH_USER_PATHS = NO;
				CLANG_ANALYZER_NONNULL = YES;
				CLANG_ANALYZER_NUMBER_OBJECT_CONVERSION = YES_AGGRESSIVE;
				CLANG_CXX_LANGUAGE_STANDARD = "gnu++14";
				CLANG_CXX_LIBRARY = "libc++";
				CLANG_ENABLE_MODULES = YES;
				CLANG_ENABLE_OBJC_ARC = YES;
				CLANG_ENABLE_OBJC_WEAK = YES;
				CLANG_WARN_BLOCK_CAPTURE_AUTORELEASING = YES;
				CLANG_WARN_BOOL_CONVERSION = YES;
				CLANG_WARN_COMMA = YES;
				CLANG_WARN_CONSTANT_CONVERSION = YES;
				CLANG_WARN_DEPRECATED_OBJC_IMPLEMENTATIONS = YES;
				CLANG_WARN_DIRECT_OBJC_ISA_USAGE = YES_ERROR;
				CLANG_WARN_DOCUMENTATION_COMMENTS = YES;
				CLANG_WARN_EMPTY_BODY = YES;
				CLANG_WARN_ENUM_CONVERSION = YES;
				CLANG_WARN_INFINITE_RECURSION = YES;
				CLANG_WARN_INT_CONVERSION = YES;
				CLANG_WARN_NON_LITERAL_NULL_CONVERSION = YES;
				CLANG_WARN_OBJC_IMPLICIT_RETAIN_SELF = YES;
				CLANG_WARN_OBJC_LITERAL_CONVERSION = YES;
				CLANG_WARN_OBJC_ROOT_CLASS = YES_ERROR;
				CLANG_WARN_RANGE_LOOP_ANALYSIS = YES;
				CLANG_WARN_STRICT_PROTOTYPES = YES;
				CLANG_WARN_SUSPICIOUS_MOVE = YES;
				CLANG_WARN_UNGUARDED_AVAILABILITY = YES_AGGRESSIVE;
				CLANG_WARN_UNREACHABLE_CODE = YES;
				CLANG_WARN__DUPLICATE_METHOD_MATCH = YES;
				CODE_SIGN_IDENTITY = "iPhone Developer";
				COPY_PHASE_STRIP = NO;
				DEBUG_INFORMATION_FORMAT = "dwarf-with-dsym";
				ENABLE_NS_ASSERTIONS = NO;
				ENABLE_STRICT_OBJC_MSGSEND = YES;
				GCC_C_LANGUAGE_STANDARD = gnu11;
				GCC_NO_COMMON_BLOCKS = YES;
				GCC_WARN_64_TO_32_BIT_CONVERSION = YES;
				GCC_WARN_ABOUT_RETURN_TYPE = YES_ERROR;
				GCC_WARN_UNDECLARED_SELECTOR = YES;
				GCC_WARN_UNINITIALIZED_AUTOS = YES_AGGRESSIVE;
				GCC_WARN_UNUSED_FUNCTION = YES;
				GCC_WARN_UNUSED_VARIABLE = YES;
				IPHONEOS_DEPLOYMENT_TARGET = 11.3;
				MTL_ENABLE_DEBUG_INFO = NO;
				SDKROOT = iphoneos;
				SWIFT_COMPILATION_MODE = wholemodule;
				SWIFT_OPTIMIZATION_LEVEL = "-O";
				VALIDATE_PRODUCT = YES;
			};
			name = Release;
		};
		0AAC76DD20B0B5CD00758231 /* Debug */ = {
			isa = XCBuildConfiguration;
			buildSettings = {
				ASSETCATALOG_COMPILER_APPICON_NAME = AppIcon;
				CODE_SIGN_STYLE = Automatic;
				DEVELOPMENT_TEAM = EMFUVWTBJE;
				INFOPLIST_FILE = TableViewLab_2/Info.plist;
				LD_RUNPATH_SEARCH_PATHS = (
					"$(inherited)",
					"@executable_path/Frameworks",
				);
				PRODUCT_BUNDLE_IDENTIFIER = "com.technicalPC.TableViewLab-2";
				PRODUCT_NAME = "$(TARGET_NAME)";
				SWIFT_VERSION = 4.0;
				TARGETED_DEVICE_FAMILY = "1,2";
			};
			name = Debug;
		};
		0AAC76DE20B0B5CD00758231 /* Release */ = {
			isa = XCBuildConfiguration;
			buildSettings = {
				ASSETCATALOG_COMPILER_APPICON_NAME = AppIcon;
				CODE_SIGN_STYLE = Automatic;
				DEVELOPMENT_TEAM = EMFUVWTBJE;
				INFOPLIST_FILE = TableViewLab_2/Info.plist;
				LD_RUNPATH_SEARCH_PATHS = (
					"$(inherited)",
					"@executable_path/Frameworks",
				);
				PRODUCT_BUNDLE_IDENTIFIER = "com.technicalPC.TableViewLab-2";
				PRODUCT_NAME = "$(TARGET_NAME)";
				SWIFT_VERSION = 4.0;
				TARGETED_DEVICE_FAMILY = "1,2";
			};
			name = Release;
		};
/* End XCBuildConfiguration section */

/* Begin XCConfigurationList section */
		0AAC76C520B0B5CB00758231 /* Build configuration list for PBXProject "TableViewLab_2" */ = {
			isa = XCConfigurationList;
			buildConfigurations = (
				0AAC76DA20B0B5CD00758231 /* Debug */,
				0AAC76DB20B0B5CD00758231 /* Release */,
			);
			defaultConfigurationIsVisible = 0;
			defaultConfigurationName = Release;
		};
		0AAC76DC20B0B5CD00758231 /* Build configuration list for PBXNativeTarget "TableViewLab_2" */ = {
			isa = XCConfigurationList;
			buildConfigurations = (
				0AAC76DD20B0B5CD00758231 /* Debug */,
				0AAC76DE20B0B5CD00758231 /* Release */,
			);
			defaultConfigurationIsVisible = 0;
			defaultConfigurationName = Release;
		};
/* End XCConfigurationList section */
	};
	rootObject = 0AAC76C220B0B5CB00758231 /* Project object */;
}
